Microsoft Visual Studio Solution File, Format Version 9.00
# Visual Studio 2005
Project("{F184B08F-C81C-45F6-A57F-5ABD9991F28F}") = "RibbonApplicationMenuBottomPane", "RibbonApplicationMenuBottomPane.vbproj", "{F9BBAAE3-5686-43C0-97E7-4FA0E99E3E0C}"
	ProjectSection(WebsiteProperties) = preProject
		Debug.AspNetCompiler.Debug = "True"
		Release.AspNetCompiler.Debug = "False"
	EndProjectSection
EndProject
Global
	GlobalSection(SolutionConfigurationPlatforms) = preSolution
		Debug|Any CPU = Debug|Any CPU
		Release|Any CPU = Release|Any CPU
	EndGlobalSection
	GlobalSection(ProjectConfigurationPlatforms) = postSolution
		{F9BBAAE3-5686-43C0-97E7-4FA0E99E3E0C}.Debug|Any CPU.ActiveCfg = Debug|Any CPU
		{F9BBAAE3-5686-43C0-97E7-4FA0E99E3E0C}.Debug|Any CPU.Build.0 = Debug|Any CPU
		{F9BBAAE3-5686-43C0-97E7-4FA0E99E3E0C}.Release|Any CPU.ActiveCfg = Release|Any CPU
		{F9BBAAE3-5686-43C0-97E7-4FA0E99E3E0C}.Release|Any CPU.Build.0 = Release|Any CPU
	EndGlobalSection
	GlobalSection(SolutionProperties) = preSolution
		HideSolutionNode = FALSE
	EndGlobalSection
EndGlobal
